
Microsoft Visual Studio Solution File, Format Version 12.00
# Visual Studio Version 16
VisualStudioVersion = 16.0.31105.61
MinimumVisualStudioVersion = 10.0.40219.1
Project("{9A19103F-16F7-4668-BE54-9A1E7A4F7556}") = "BookListRazor", "BookListRazor\BookListRazor.csproj", "{C16FD90C-6493-4939-B6F7-26A0BB8568EE}"
EndProject
Project("{FAE04EC0-301F-11D3-BF4B-00C04F79EFBC}") = "BulkyBook", "BulkyBook\BulkyBook.csproj", "{812CA436-C689-448D-95A4-306E16FE8A0D}"
EndProject
Global
	GlobalSection(SolutionConfigurationPlatforms) = preSolution
		Debug|Any CPU = Debug|Any CPU
		Release|Any CPU = Release|Any CPU
	EndGlobalSection
	GlobalSection(ProjectConfigurationPlatforms) = postSolution
		{C16FD90C-6493-4939-B6F7-26A0BB8568EE}.Debug|Any CPU.ActiveCfg = Debug|Any CPU
		{C16FD90C-6493-4939-B6F7-26A0BB8568EE}.Debug|Any CPU.Build.0 = Debug|Any CPU
		{C16FD90C-6493-4939-B6F7-26A0BB8568EE}.Release|Any CPU.ActiveCfg = Release|Any CPU
		{C16FD90C-6493-4939-B6F7-26A0BB8568EE}.Release|Any CPU.Build.0 = Release|Any CPU
		{812CA436-C689-448D-95A4-306E16FE8A0D}.Debug|Any CPU.ActiveCfg = Debug|Any CPU
		{812CA436-C689-448D-95A4-306E16FE8A0D}.Debug|Any CPU.Build.0 = Debug|Any CPU
		{812CA436-C689-448D-95A4-306E16FE8A0D}.Release|Any CPU.ActiveCfg = Release|Any CPU
		{812CA436-C689-448D-95A4-306E16FE8A0D}.Release|Any CPU.Build.0 = Release|Any CPU
	EndGlobalSection
	GlobalSection(SolutionProperties) = preSolution
		HideSolutionNode = FALSE
	EndGlobalSection
	GlobalSection(ExtensibilityGlobals) = postSolution
		SolutionGuid = {09DBEEAA-CFCC-483E-ACDA-DEE36163D119}
	EndGlobalSection
EndGlobal
